
Microsoft Visual Studio Solution File, Format Version 12.00
# Visual Studio Version 16
VisualStudioVersion = 16.0.29613.14
MinimumVisualStudioVersion = 10.0.40219.1
Project("{FAE04EC0-301F-11D3-BF4B-00C04F79EFBC}") = "GuilhermeProjeto", "GuilhermeProjeto\GuilhermeProjeto.csproj", "{4DBE1228-ED74-45E2-A0B7-CD840B36DC38}"
EndProject
Global
	GlobalSection(SolutionConfigurationPlatforms) = preSolution
		Debug|Any CPU = Debug|Any CPU
		Release|Any CPU = Release|Any CPU
	EndGlobalSection
	GlobalSection(ProjectConfigurationPlatforms) = postSolution
		{4DBE1228-ED74-45E2-A0B7-CD840B36DC38}.Debug|Any CPU.ActiveCfg = Debug|Any CPU
		{4DBE1228-ED74-45E2-A0B7-CD840B36DC38}.Debug|Any CPU.Build.0 = Debug|Any CPU
		{4DBE1228-ED74-45E2-A0B7-CD840B36DC38}.Release|Any CPU.ActiveCfg = Release|Any CPU
		{4DBE1228-ED74-45E2-A0B7-CD840B36DC38}.Release|Any CPU.Build.0 = Release|Any CPU
	EndGlobalSection
	GlobalSection(SolutionProperties) = preSolution
		HideSolutionNode = FALSE
	EndGlobalSection
	GlobalSection(ExtensibilityGlobals) = postSolution
		SolutionGuid = {468BBA63-93A3-4DB9-8ABD-FCBB90BB0D03}
	EndGlobalSection
EndGlobal
